
Microsoft Visual Studio Solution File, Format Version 12.00
# Visual Studio 15
Project("{FAE04EC0-301F-11D3-BF4B-00C04F79EFBC}") = "Assembly-CSharp", "Assembly-CSharp.csproj", "{A93BA67E-667E-2342-7DAD-1C692DD3A791}"
EndProject
Global
	GlobalSection(SolutionConfigurationPlatforms) = preSolution
		Debug|Any CPU = Debug|Any CPU
		Release|Any CPU = Release|Any CPU
	EndGlobalSection
	GlobalSection(ProjectConfigurationPlatforms) = postSolution
		{A93BA67E-667E-2342-7DAD-1C692DD3A791}.Debug|Any CPU.ActiveCfg = Debug|Any CPU
		{A93BA67E-667E-2342-7DAD-1C692DD3A791}.Debug|Any CPU.Build.0 = Debug|Any CPU
		{A93BA67E-667E-2342-7DAD-1C692DD3A791}.Release|Any CPU.ActiveCfg = Release|Any CPU
		{A93BA67E-667E-2342-7DAD-1C692DD3A791}.Release|Any CPU.Build.0 = Release|Any CPU
	EndGlobalSection
	GlobalSection(SolutionProperties) = preSolution
		HideSolutionNode = FALSE
	EndGlobalSection
EndGlobal
